
Microsoft Visual Studio Solution File, Format Version 12.00
# Visual Studio Version 16
VisualStudioVersion = 16.0.30517.126
MinimumVisualStudioVersion = 10.0.40219.1
Project("{9A19103F-16F7-4668-BE54-9A1E7A4F7556}") = "Choose_Your_Class", "Choose_Your_Class.csproj", "{9E8BB4BA-2DF7-4099-87E0-8FD74112A9A3}"
EndProject
Project("{FAE04EC0-301F-11D3-BF4B-00C04F79EFBC}") = "Pizza_Time.tests", "..\Pizza_Time.tests\Pizza_Time.tests.csproj", "{23453FBE-D035-4FC8-B068-ACD3B0561845}"
EndProject
Global
	GlobalSection(SolutionConfigurationPlatforms) = preSolution
		Debug|Any CPU = Debug|Any CPU
		Release|Any CPU = Release|Any CPU
	EndGlobalSection
	GlobalSection(ProjectConfigurationPlatforms) = postSolution
		{9E8BB4BA-2DF7-4099-87E0-8FD74112A9A3}.Debug|Any CPU.ActiveCfg = Debug|Any CPU
		{9E8BB4BA-2DF7-4099-87E0-8FD74112A9A3}.Debug|Any CPU.Build.0 = Debug|Any CPU
		{9E8BB4BA-2DF7-4099-87E0-8FD74112A9A3}.Release|Any CPU.ActiveCfg = Release|Any CPU
		{9E8BB4BA-2DF7-4099-87E0-8FD74112A9A3}.Release|Any CPU.Build.0 = Release|Any CPU
		{23453FBE-D035-4FC8-B068-ACD3B0561845}.Debug|Any CPU.ActiveCfg = Debug|Any CPU
		{23453FBE-D035-4FC8-B068-ACD3B0561845}.Debug|Any CPU.Build.0 = Debug|Any CPU
		{23453FBE-D035-4FC8-B068-ACD3B0561845}.Release|Any CPU.ActiveCfg = Release|Any CPU
		{23453FBE-D035-4FC8-B068-ACD3B0561845}.Release|Any CPU.Build.0 = Release|Any CPU
	EndGlobalSection
	GlobalSection(SolutionProperties) = preSolution
		HideSolutionNode = FALSE
	EndGlobalSection
	GlobalSection(ExtensibilityGlobals) = postSolution
		SolutionGuid = {A37C4ACF-677D-46E3-86EE-A239F1482BF1}
	EndGlobalSection
EndGlobal
